
Microsoft Visual Studio Solution File, Format Version 11.00
# Visual Studio 2010
Project("{FAE04EC0-301F-11D3-BF4B-00C04F79EFBC}") = "Assembly-CSharp", "Assembly-CSharp.csproj", "{3296F5B3-DDE7-19E9-B78E-8994F0510D4A}"
EndProject
Project("{FAE04EC0-301F-11D3-BF4B-00C04F79EFBC}") = "Assembly-CSharp-firstpass", "Assembly-CSharp-firstpass.csproj", "{DFBC7E40-BC6C-A22E-744B-698A6D0B07AF}"
EndProject
Project("{FAE04EC0-301F-11D3-BF4B-00C04F79EFBC}") = "Assembly-CSharp-Editor", "Assembly-CSharp-Editor.csproj", "{929A0EE5-DFE9-406C-C328-6B3C302AD466}"
EndProject
Global
	GlobalSection(SolutionConfigurationPlatforms) = preSolution
		Debug|Any CPU = Debug|Any CPU
		Release|Any CPU = Release|Any CPU
	EndGlobalSection
	GlobalSection(ProjectConfigurationPlatforms) = postSolution
		{3296F5B3-DDE7-19E9-B78E-8994F0510D4A}.Debug|Any CPU.ActiveCfg = Debug|Any CPU
		{3296F5B3-DDE7-19E9-B78E-8994F0510D4A}.Debug|Any CPU.Build.0 = Debug|Any CPU
		{3296F5B3-DDE7-19E9-B78E-8994F0510D4A}.Release|Any CPU.ActiveCfg = Release|Any CPU
		{3296F5B3-DDE7-19E9-B78E-8994F0510D4A}.Release|Any CPU.Build.0 = Release|Any CPU
		{DFBC7E40-BC6C-A22E-744B-698A6D0B07AF}.Debug|Any CPU.ActiveCfg = Debug|Any CPU
		{DFBC7E40-BC6C-A22E-744B-698A6D0B07AF}.Debug|Any CPU.Build.0 = Debug|Any CPU
		{DFBC7E40-BC6C-A22E-744B-698A6D0B07AF}.Release|Any CPU.ActiveCfg = Release|Any CPU
		{DFBC7E40-BC6C-A22E-744B-698A6D0B07AF}.Release|Any CPU.Build.0 = Release|Any CPU
		{929A0EE5-DFE9-406C-C328-6B3C302AD466}.Debug|Any CPU.ActiveCfg = Debug|Any CPU
		{929A0EE5-DFE9-406C-C328-6B3C302AD466}.Debug|Any CPU.Build.0 = Debug|Any CPU
		{929A0EE5-DFE9-406C-C328-6B3C302AD466}.Release|Any CPU.ActiveCfg = Release|Any CPU
		{929A0EE5-DFE9-406C-C328-6B3C302AD466}.Release|Any CPU.Build.0 = Release|Any CPU
	EndGlobalSection
	GlobalSection(SolutionProperties) = preSolution
		HideSolutionNode = FALSE
	EndGlobalSection
EndGlobal
