
Microsoft Visual Studio Solution File, Format Version 12.00
# Visual Studio 2017
Project("{FAE04EC0-301F-11D3-BF4B-00C04F79EFBC}") = "CarPG", "CarPG.csproj", "{EBED4402-8EB3-B62D-F3BF-F2D787F1D1FC}"
EndProject
Project("{FAE04EC0-301F-11D3-BF4B-00C04F79EFBC}") = "CarPG", "CarPG.csproj", "{EBED4402-8EB3-B62D-F3BF-F2D787F1D1FC}"
EndProject
Project("{FAE04EC0-301F-11D3-BF4B-00C04F79EFBC}") = "CarPG", "CarPG.csproj", "{EBED4402-8EB3-B62D-F3BF-F2D787F1D1FC}"
EndProject
Project("{FAE04EC0-301F-11D3-BF4B-00C04F79EFBC}") = "CarPG", "CarPG.csproj", "{EBED4402-8EB3-B62D-F3BF-F2D787F1D1FC}"
EndProject
Project("{FAE04EC0-301F-11D3-BF4B-00C04F79EFBC}") = "CarPG", "CarPG.csproj", "{EBED4402-8EB3-B62D-F3BF-F2D787F1D1FC}"
EndProject
Project("{FAE04EC0-301F-11D3-BF4B-00C04F79EFBC}") = "CarPG.Plugins", "CarPG.Plugins.csproj", "{1B21C13C-2F4B-A0E1-FCD3-9A8A11F691EF}"
EndProject
Project("{FAE04EC0-301F-11D3-BF4B-00C04F79EFBC}") = "CarPG", "CarPG.csproj", "{EBED4402-8EB3-B62D-F3BF-F2D787F1D1FC}"
EndProject
Project("{FAE04EC0-301F-11D3-BF4B-00C04F79EFBC}") = "CarPG", "CarPG.csproj", "{EBED4402-8EB3-B62D-F3BF-F2D787F1D1FC}"
EndProject
Project("{FAE04EC0-301F-11D3-BF4B-00C04F79EFBC}") = "CarPG.Editor", "CarPG.Editor.csproj", "{6B6E6D71-A7ED-300C-7546-4FDB36127ACA}"
EndProject
Project("{FAE04EC0-301F-11D3-BF4B-00C04F79EFBC}") = "CarPG.Editor", "CarPG.Editor.csproj", "{6B6E6D71-A7ED-300C-7546-4FDB36127ACA}"
EndProject
Project("{FAE04EC0-301F-11D3-BF4B-00C04F79EFBC}") = "CarPG.Editor", "CarPG.Editor.csproj", "{6B6E6D71-A7ED-300C-7546-4FDB36127ACA}"
EndProject
Project("{FAE04EC0-301F-11D3-BF4B-00C04F79EFBC}") = "CarPG.Editor", "CarPG.Editor.csproj", "{6B6E6D71-A7ED-300C-7546-4FDB36127ACA}"
EndProject
Project("{FAE04EC0-301F-11D3-BF4B-00C04F79EFBC}") = "CarPG.Editor", "CarPG.Editor.csproj", "{6B6E6D71-A7ED-300C-7546-4FDB36127ACA}"
EndProject
Project("{FAE04EC0-301F-11D3-BF4B-00C04F79EFBC}") = "CarPG.Editor", "CarPG.Editor.csproj", "{6B6E6D71-A7ED-300C-7546-4FDB36127ACA}"
EndProject
Project("{FAE04EC0-301F-11D3-BF4B-00C04F79EFBC}") = "CarPG.Editor", "CarPG.Editor.csproj", "{6B6E6D71-A7ED-300C-7546-4FDB36127ACA}"
EndProject
Global
	GlobalSection(SolutionConfigurationPlatforms) = preSolution
		Debug|Any CPU = Debug|Any CPU
		Release|Any CPU = Release|Any CPU
	EndGlobalSection
	GlobalSection(ProjectConfigurationPlatforms) = postSolution
		{EBED4402-8EB3-B62D-F3BF-F2D787F1D1FC}.Debug|Any CPU.ActiveCfg = Debug|Any CPU
		{EBED4402-8EB3-B62D-F3BF-F2D787F1D1FC}.Debug|Any CPU.Build.0 = Debug|Any CPU
		{EBED4402-8EB3-B62D-F3BF-F2D787F1D1FC}.Release|Any CPU.ActiveCfg = Release|Any CPU
		{EBED4402-8EB3-B62D-F3BF-F2D787F1D1FC}.Release|Any CPU.Build.0 = Release|Any CPU
		{EBED4402-8EB3-B62D-F3BF-F2D787F1D1FC}.Debug|Any CPU.ActiveCfg = Debug|Any CPU
		{EBED4402-8EB3-B62D-F3BF-F2D787F1D1FC}.Debug|Any CPU.Build.0 = Debug|Any CPU
		{EBED4402-8EB3-B62D-F3BF-F2D787F1D1FC}.Release|Any CPU.ActiveCfg = Release|Any CPU
		{EBED4402-8EB3-B62D-F3BF-F2D787F1D1FC}.Release|Any CPU.Build.0 = Release|Any CPU
		{EBED4402-8EB3-B62D-F3BF-F2D787F1D1FC}.Debug|Any CPU.ActiveCfg = Debug|Any CPU
		{EBED4402-8EB3-B62D-F3BF-F2D787F1D1FC}.Debug|Any CPU.Build.0 = Debug|Any CPU
		{EBED4402-8EB3-B62D-F3BF-F2D787F1D1FC}.Release|Any CPU.ActiveCfg = Release|Any CPU
		{EBED4402-8EB3-B62D-F3BF-F2D787F1D1FC}.Release|Any CPU.Build.0 = Release|Any CPU
		{EBED4402-8EB3-B62D-F3BF-F2D787F1D1FC}.Debug|Any CPU.ActiveCfg = Debug|Any CPU
		{EBED4402-8EB3-B62D-F3BF-F2D787F1D1FC}.Debug|Any CPU.Build.0 = Debug|Any CPU
		{EBED4402-8EB3-B62D-F3BF-F2D787F1D1FC}.Release|Any CPU.ActiveCfg = Release|Any CPU
		{EBED4402-8EB3-B62D-F3BF-F2D787F1D1FC}.Release|Any CPU.Build.0 = Release|Any CPU
		{EBED4402-8EB3-B62D-F3BF-F2D787F1D1FC}.Debug|Any CPU.ActiveCfg = Debug|Any CPU
		{EBED4402-8EB3-B62D-F3BF-F2D787F1D1FC}.Debug|Any CPU.Build.0 = Debug|Any CPU
		{EBED4402-8EB3-B62D-F3BF-F2D787F1D1FC}.Release|Any CPU.ActiveCfg = Release|Any CPU
		{EBED4402-8EB3-B62D-F3BF-F2D787F1D1FC}.Release|Any CPU.Build.0 = Release|Any CPU
		{1B21C13C-2F4B-A0E1-FCD3-9A8A11F691EF}.Debug|Any CPU.ActiveCfg = Debug|Any CPU
		{1B21C13C-2F4B-A0E1-FCD3-9A8A11F691EF}.Debug|Any CPU.Build.0 = Debug|Any CPU
		{1B21C13C-2F4B-A0E1-FCD3-9A8A11F691EF}.Release|Any CPU.ActiveCfg = Release|Any CPU
		{1B21C13C-2F4B-A0E1-FCD3-9A8A11F691EF}.Release|Any CPU.Build.0 = Release|Any CPU
		{EBED4402-8EB3-B62D-F3BF-F2D787F1D1FC}.Debug|Any CPU.ActiveCfg = Debug|Any CPU
		{EBED4402-8EB3-B62D-F3BF-F2D787F1D1FC}.Debug|Any CPU.Build.0 = Debug|Any CPU
		{EBED4402-8EB3-B62D-F3BF-F2D787F1D1FC}.Release|Any CPU.ActiveCfg = Release|Any CPU
		{EBED4402-8EB3-B62D-F3BF-F2D787F1D1FC}.Release|Any CPU.Build.0 = Release|Any CPU
		{EBED4402-8EB3-B62D-F3BF-F2D787F1D1FC}.Debug|Any CPU.ActiveCfg = Debug|Any CPU
		{EBED4402-8EB3-B62D-F3BF-F2D787F1D1FC}.Debug|Any CPU.Build.0 = Debug|Any CPU
		{EBED4402-8EB3-B62D-F3BF-F2D787F1D1FC}.Release|Any CPU.ActiveCfg = Release|Any CPU
		{EBED4402-8EB3-B62D-F3BF-F2D787F1D1FC}.Release|Any CPU.Build.0 = Release|Any CPU
		{6B6E6D71-A7ED-300C-7546-4FDB36127ACA}.Debug|Any CPU.ActiveCfg = Debug|Any CPU
		{6B6E6D71-A7ED-300C-7546-4FDB36127ACA}.Debug|Any CPU.Build.0 = Debug|Any CPU
		{6B6E6D71-A7ED-300C-7546-4FDB36127ACA}.Release|Any CPU.ActiveCfg = Release|Any CPU
		{6B6E6D71-A7ED-300C-7546-4FDB36127ACA}.Release|Any CPU.Build.0 = Release|Any CPU
		{6B6E6D71-A7ED-300C-7546-4FDB36127ACA}.Debug|Any CPU.ActiveCfg = Debug|Any CPU
		{6B6E6D71-A7ED-300C-7546-4FDB36127ACA}.Debug|Any CPU.Build.0 = Debug|Any CPU
		{6B6E6D71-A7ED-300C-7546-4FDB36127ACA}.Release|Any CPU.ActiveCfg = Release|Any CPU
		{6B6E6D71-A7ED-300C-7546-4FDB36127ACA}.Release|Any CPU.Build.0 = Release|Any CPU
		{6B6E6D71-A7ED-300C-7546-4FDB36127ACA}.Debug|Any CPU.ActiveCfg = Debug|Any CPU
		{6B6E6D71-A7ED-300C-7546-4FDB36127ACA}.Debug|Any CPU.Build.0 = Debug|Any CPU
		{6B6E6D71-A7ED-300C-7546-4FDB36127ACA}.Release|Any CPU.ActiveCfg = Release|Any CPU
		{6B6E6D71-A7ED-300C-7546-4FDB36127ACA}.Release|Any CPU.Build.0 = Release|Any CPU
		{6B6E6D71-A7ED-300C-7546-4FDB36127ACA}.Debug|Any CPU.ActiveCfg = Debug|Any CPU
		{6B6E6D71-A7ED-300C-7546-4FDB36127ACA}.Debug|Any CPU.Build.0 = Debug|Any CPU
		{6B6E6D71-A7ED-300C-7546-4FDB36127ACA}.Release|Any CPU.ActiveCfg = Release|Any CPU
		{6B6E6D71-A7ED-300C-7546-4FDB36127ACA}.Release|Any CPU.Build.0 = Release|Any CPU
		{6B6E6D71-A7ED-300C-7546-4FDB36127ACA}.Debug|Any CPU.ActiveCfg = Debug|Any CPU
		{6B6E6D71-A7ED-300C-7546-4FDB36127ACA}.Debug|Any CPU.Build.0 = Debug|Any CPU
		{6B6E6D71-A7ED-300C-7546-4FDB36127ACA}.Release|Any CPU.ActiveCfg = Release|Any CPU
		{6B6E6D71-A7ED-300C-7546-4FDB36127ACA}.Release|Any CPU.Build.0 = Release|Any CPU
		{6B6E6D71-A7ED-300C-7546-4FDB36127ACA}.Debug|Any CPU.ActiveCfg = Debug|Any CPU
		{6B6E6D71-A7ED-300C-7546-4FDB36127ACA}.Debug|Any CPU.Build.0 = Debug|Any CPU
		{6B6E6D71-A7ED-300C-7546-4FDB36127ACA}.Release|Any CPU.ActiveCfg = Release|Any CPU
		{6B6E6D71-A7ED-300C-7546-4FDB36127ACA}.Release|Any CPU.Build.0 = Release|Any CPU
		{6B6E6D71-A7ED-300C-7546-4FDB36127ACA}.Debug|Any CPU.ActiveCfg = Debug|Any CPU
		{6B6E6D71-A7ED-300C-7546-4FDB36127ACA}.Debug|Any CPU.Build.0 = Debug|Any CPU
		{6B6E6D71-A7ED-300C-7546-4FDB36127ACA}.Release|Any CPU.ActiveCfg = Release|Any CPU
		{6B6E6D71-A7ED-300C-7546-4FDB36127ACA}.Release|Any CPU.Build.0 = Release|Any CPU
	EndGlobalSection
	GlobalSection(SolutionProperties) = preSolution
		HideSolutionNode = FALSE
	EndGlobalSection
EndGlobal
